github.com/buseliiik/funtemps v1.1.1 h1:o6yH51RfuK5eaSoCSJINh6odXYPm4/hYjFswkHYhMfY=
github.com/buseliiik/funtemps v1.1.1/go.mod h1:9joswXdEuZtBifWnRZ+4DEX390XUBXoS7M7NFKpoHBI=
github.com/buseliiik/is105sem03 v0.0.0-20230418200652-c05482a619a3 h1:j6FP0nZqgrUEsEUxpHagj2H+iKaDT7pVCErxVHwthoE=
github.com/buseliiik/is105sem03 v0.0.0-20230418200652-c05482a619a3/go.mod h1:kRADZStudlReLSPs1O6+1vtSOPDfMpJDdnVxpvR7lGQ=
github.com/buseliiik/minyr v0.0.0-20230330210728-8e2b73d490e1 h1:5IerLgNgNKimoE/OiWPm0tHwJffTE1hfXgAD+z6yqrA=
github.com/buseliiik/minyr v0.0.0-20230330210728-8e2b73d490e1/go.mod h1:/vy44UgxzymQXRkEhafFsqPP7MxYU75jxJB8uftMuKM=
